
Microsoft Visual Studio Solution File, Format Version 12.00
# Visual Studio Version 16
VisualStudioVersion = 16.0.29215.179
MinimumVisualStudioVersion = 10.0.40219.1
Project("{8BC9CEB8-8B4A-11D0-8D11-00A0C91BC942}") = "DllTest", "DllTest\DllTest.vcxproj", "{59822E66-3D33-46FB-B7DB-3D31D13029F1}"
EndProject
Project("{8BC9CEB8-8B4A-11D0-8D11-00A0C91BC942}") = "ConsoleTest1", "ConsoleTest1\ConsoleTest1.vcxproj", "{90FA506B-DFC3-43DA-B3BF-1C01F8683E18}"
	ProjectSection(ProjectDependencies) = postProject
		{59822E66-3D33-46FB-B7DB-3D31D13029F1} = {59822E66-3D33-46FB-B7DB-3D31D13029F1}
	EndProjectSection
EndProject
Project("{8BC9CEB8-8B4A-11D0-8D11-00A0C91BC942}") = "ConsoleTest2", "ConsoleTest2\ConsoleTest2.vcxproj", "{43D5A231-F360-4E92-921A-F744AFA85867}"
EndProject
Project("{FAE04EC0-301F-11D3-BF4B-00C04F79EFBC}") = "WindowsFormsApp1", "WindowsFormsApp1\WindowsFormsApp1.csproj", "{94D70F10-1552-4493-81B8-02B63874EC62}"
	ProjectSection(ProjectDependencies) = postProject
		{59822E66-3D33-46FB-B7DB-3D31D13029F1} = {59822E66-3D33-46FB-B7DB-3D31D13029F1}
	EndProjectSection
EndProject
Global
	GlobalSection(SolutionConfigurationPlatforms) = preSolution
		Debug|Any CPU = Debug|Any CPU
		Debug|x64 = Debug|x64
		Debug|x86 = Debug|x86
		Release|Any CPU = Release|Any CPU
		Release|x64 = Release|x64
		Release|x86 = Release|x86
	EndGlobalSection
	GlobalSection(ProjectConfigurationPlatforms) = postSolution
		{59822E66-3D33-46FB-B7DB-3D31D13029F1}.Debug|Any CPU.ActiveCfg = Debug|Win32
		{59822E66-3D33-46FB-B7DB-3D31D13029F1}.Debug|x64.ActiveCfg = Debug|x64
		{59822E66-3D33-46FB-B7DB-3D31D13029F1}.Debug|x64.Build.0 = Debug|x64
		{59822E66-3D33-46FB-B7DB-3D31D13029F1}.Debug|x86.ActiveCfg = Debug|Win32
		{59822E66-3D33-46FB-B7DB-3D31D13029F1}.Debug|x86.Build.0 = Debug|Win32
		{59822E66-3D33-46FB-B7DB-3D31D13029F1}.Release|Any CPU.ActiveCfg = Release|Win32
		{59822E66-3D33-46FB-B7DB-3D31D13029F1}.Release|x64.ActiveCfg = Release|x64
		{59822E66-3D33-46FB-B7DB-3D31D13029F1}.Release|x64.Build.0 = Release|x64
		{59822E66-3D33-46FB-B7DB-3D31D13029F1}.Release|x86.ActiveCfg = Release|Win32
		{59822E66-3D33-46FB-B7DB-3D31D13029F1}.Release|x86.Build.0 = Release|Win32
		{90FA506B-DFC3-43DA-B3BF-1C01F8683E18}.Debug|Any CPU.ActiveCfg = Debug|Win32
		{90FA506B-DFC3-43DA-B3BF-1C01F8683E18}.Debug|x64.ActiveCfg = Debug|x64
		{90FA506B-DFC3-43DA-B3BF-1C01F8683E18}.Debug|x64.Build.0 = Debug|x64
		{90FA506B-DFC3-43DA-B3BF-1C01F8683E18}.Debug|x86.ActiveCfg = Debug|Win32
		{90FA506B-DFC3-43DA-B3BF-1C01F8683E18}.Debug|x86.Build.0 = Debug|Win32
		{90FA506B-DFC3-43DA-B3BF-1C01F8683E18}.Release|Any CPU.ActiveCfg = Release|Win32
		{90FA506B-DFC3-43DA-B3BF-1C01F8683E18}.Release|x64.ActiveCfg = Release|x64
		{90FA506B-DFC3-43DA-B3BF-1C01F8683E18}.Release|x64.Build.0 = Release|x64
		{90FA506B-DFC3-43DA-B3BF-1C01F8683E18}.Release|x86.ActiveCfg = Release|Win32
		{90FA506B-DFC3-43DA-B3BF-1C01F8683E18}.Release|x86.Build.0 = Release|Win32
		{43D5A231-F360-4E92-921A-F744AFA85867}.Debug|Any CPU.ActiveCfg = Debug|Win32
		{43D5A231-F360-4E92-921A-F744AFA85867}.Debug|x64.ActiveCfg = Debug|x64
		{43D5A231-F360-4E92-921A-F744AFA85867}.Debug|x64.Build.0 = Debug|x64
		{43D5A231-F360-4E92-921A-F744AFA85867}.Debug|x86.ActiveCfg = Debug|Win32
		{43D5A231-F360-4E92-921A-F744AFA85867}.Debug|x86.Build.0 = Debug|Win32
		{43D5A231-F360-4E92-921A-F744AFA85867}.Release|Any CPU.ActiveCfg = Release|Win32
		{43D5A231-F360-4E92-921A-F744AFA85867}.Release|x64.ActiveCfg = Release|x64
		{43D5A231-F360-4E92-921A-F744AFA85867}.Release|x64.Build.0 = Release|x64
		{43D5A231-F360-4E92-921A-F744AFA85867}.Release|x86.ActiveCfg = Release|Win32
		{43D5A231-F360-4E92-921A-F744AFA85867}.Release|x86.Build.0 = Release|Win32
		{94D70F10-1552-4493-81B8-02B63874EC62}.Debug|Any CPU.ActiveCfg = Debug|Any CPU
		{94D70F10-1552-4493-81B8-02B63874EC62}.Debug|Any CPU.Build.0 = Debug|Any CPU
		{94D70F10-1552-4493-81B8-02B63874EC62}.Debug|x64.ActiveCfg = Debug|Any CPU
		{94D70F10-1552-4493-81B8-02B63874EC62}.Debug|x64.Build.0 = Debug|Any CPU
		{94D70F10-1552-4493-81B8-02B63874EC62}.Debug|x86.ActiveCfg = Debug|Any CPU
		{94D70F10-1552-4493-81B8-02B63874EC62}.Debug|x86.Build.0 = Debug|Any CPU
		{94D70F10-1552-4493-81B8-02B63874EC62}.Release|Any CPU.ActiveCfg = Release|Any CPU
		{94D70F10-1552-4493-81B8-02B63874EC62}.Release|Any CPU.Build.0 = Release|Any CPU
		{94D70F10-1552-4493-81B8-02B63874EC62}.Release|x64.ActiveCfg = Release|Any CPU
		{94D70F10-1552-4493-81B8-02B63874EC62}.Release|x64.Build.0 = Release|Any CPU
		{94D70F10-1552-4493-81B8-02B63874EC62}.Release|x86.ActiveCfg = Release|Any CPU
		{94D70F10-1552-4493-81B8-02B63874EC62}.Release|x86.Build.0 = Release|Any CPU
	EndGlobalSection
	GlobalSection(SolutionProperties) = preSolution
		HideSolutionNode = FALSE
	EndGlobalSection
	GlobalSection(ExtensibilityGlobals) = postSolution
		SolutionGuid = {82C906EA-FB43-41D9-9216-4EF995822BAB}
	EndGlobalSection
EndGlobal
